
Microsoft Visual Studio Solution File, Format Version 12.00
# Visual Studio Version 16
VisualStudioVersion = 16.0.30413.136
MinimumVisualStudioVersion = 10.0.40219.1
Project("{FAE04EC0-301F-11D3-BF4B-00C04F79EFBC}") = "SmashLabs", "SmashLabs\SmashLabs.csproj", "{35664F18-B90D-46EE-989C-1E0E1824B314}"
EndProject
Project("{FAE04EC0-301F-11D3-BF4B-00C04F79EFBC}") = "BrawlLabs", "BrawlLabs\BrawlLabs.csproj", "{40CDB46F-F3C3-479D-B062-F5C0A57697CE}"
EndProject
Project("{FAE04EC0-301F-11D3-BF4B-00C04F79EFBC}") = "SmashExporter", "SmashExporter\SmashExporter.csproj", "{BE4A3DB7-C5D9-41A8-BC30-2753A003BBF9}"
EndProject
Project("{FAE04EC0-301F-11D3-BF4B-00C04F79EFBC}") = "SSBHL", "..\..\saves\SmashLabs\SSBHL\SSBHL.csproj", "{464BC0D2-B94E-4943-96BA-E8C3EE22CFD4}"
EndProject
Project("{8BC9CEB8-8B4A-11D0-8D11-00A0C91BC942}") = "SmashEngine", "SmashEngine\SmashEngine.vcxproj", "{D3A78468-66AA-4BF1-B025-B1571D369822}"
EndProject
Global
	GlobalSection(SolutionConfigurationPlatforms) = preSolution
		Debug|Any CPU = Debug|Any CPU
		Debug|x64 = Debug|x64
		Debug|x86 = Debug|x86
		Release|Any CPU = Release|Any CPU
		Release|x64 = Release|x64
		Release|x86 = Release|x86
	EndGlobalSection
	GlobalSection(ProjectConfigurationPlatforms) = postSolution
		{35664F18-B90D-46EE-989C-1E0E1824B314}.Debug|Any CPU.ActiveCfg = Debug|Any CPU
		{35664F18-B90D-46EE-989C-1E0E1824B314}.Debug|Any CPU.Build.0 = Debug|Any CPU
		{35664F18-B90D-46EE-989C-1E0E1824B314}.Debug|x64.ActiveCfg = Debug|Any CPU
		{35664F18-B90D-46EE-989C-1E0E1824B314}.Debug|x64.Build.0 = Debug|Any CPU
		{35664F18-B90D-46EE-989C-1E0E1824B314}.Debug|x86.ActiveCfg = Debug|Any CPU
		{35664F18-B90D-46EE-989C-1E0E1824B314}.Debug|x86.Build.0 = Debug|Any CPU
		{35664F18-B90D-46EE-989C-1E0E1824B314}.Release|Any CPU.ActiveCfg = Release|Any CPU
		{35664F18-B90D-46EE-989C-1E0E1824B314}.Release|Any CPU.Build.0 = Release|Any CPU
		{35664F18-B90D-46EE-989C-1E0E1824B314}.Release|x64.ActiveCfg = Release|Any CPU
		{35664F18-B90D-46EE-989C-1E0E1824B314}.Release|x64.Build.0 = Release|Any CPU
		{35664F18-B90D-46EE-989C-1E0E1824B314}.Release|x86.ActiveCfg = Release|Any CPU
		{35664F18-B90D-46EE-989C-1E0E1824B314}.Release|x86.Build.0 = Release|Any CPU
		{40CDB46F-F3C3-479D-B062-F5C0A57697CE}.Debug|Any CPU.ActiveCfg = Debug|Any CPU
		{40CDB46F-F3C3-479D-B062-F5C0A57697CE}.Debug|Any CPU.Build.0 = Debug|Any CPU
		{40CDB46F-F3C3-479D-B062-F5C0A57697CE}.Debug|x64.ActiveCfg = Debug|Any CPU
		{40CDB46F-F3C3-479D-B062-F5C0A57697CE}.Debug|x64.Build.0 = Debug|Any CPU
		{40CDB46F-F3C3-479D-B062-F5C0A57697CE}.Debug|x86.ActiveCfg = Debug|Any CPU
		{40CDB46F-F3C3-479D-B062-F5C0A57697CE}.Debug|x86.Build.0 = Debug|Any CPU
		{40CDB46F-F3C3-479D-B062-F5C0A57697CE}.Release|Any CPU.ActiveCfg = Release|Any CPU
		{40CDB46F-F3C3-479D-B062-F5C0A57697CE}.Release|Any CPU.Build.0 = Release|Any CPU
		{40CDB46F-F3C3-479D-B062-F5C0A57697CE}.Release|x64.ActiveCfg = Release|Any CPU
		{40CDB46F-F3C3-479D-B062-F5C0A57697CE}.Release|x64.Build.0 = Release|Any CPU
		{40CDB46F-F3C3-479D-B062-F5C0A57697CE}.Release|x86.ActiveCfg = Release|Any CPU
		{40CDB46F-F3C3-479D-B062-F5C0A57697CE}.Release|x86.Build.0 = Release|Any CPU
		{BE4A3DB7-C5D9-41A8-BC30-2753A003BBF9}.Debug|Any CPU.ActiveCfg = Debug|Any CPU
		{BE4A3DB7-C5D9-41A8-BC30-2753A003BBF9}.Debug|Any CPU.Build.0 = Debug|Any CPU
		{BE4A3DB7-C5D9-41A8-BC30-2753A003BBF9}.Debug|x64.ActiveCfg = Debug|Any CPU
		{BE4A3DB7-C5D9-41A8-BC30-2753A003BBF9}.Debug|x64.Build.0 = Debug|Any CPU
		{BE4A3DB7-C5D9-41A8-BC30-2753A003BBF9}.Debug|x86.ActiveCfg = Debug|Any CPU
		{BE4A3DB7-C5D9-41A8-BC30-2753A003BBF9}.Debug|x86.Build.0 = Debug|Any CPU
		{BE4A3DB7-C5D9-41A8-BC30-2753A003BBF9}.Release|Any CPU.ActiveCfg = Release|Any CPU
		{BE4A3DB7-C5D9-41A8-BC30-2753A003BBF9}.Release|Any CPU.Build.0 = Release|Any CPU
		{BE4A3DB7-C5D9-41A8-BC30-2753A003BBF9}.Release|x64.ActiveCfg = Release|Any CPU
		{BE4A3DB7-C5D9-41A8-BC30-2753A003BBF9}.Release|x64.Build.0 = Release|Any CPU
		{BE4A3DB7-C5D9-41A8-BC30-2753A003BBF9}.Release|x86.ActiveCfg = Release|Any CPU
		{BE4A3DB7-C5D9-41A8-BC30-2753A003BBF9}.Release|x86.Build.0 = Release|Any CPU
		{464BC0D2-B94E-4943-96BA-E8C3EE22CFD4}.Debug|Any CPU.ActiveCfg = Debug|Any CPU
		{464BC0D2-B94E-4943-96BA-E8C3EE22CFD4}.Debug|Any CPU.Build.0 = Debug|Any CPU
		{464BC0D2-B94E-4943-96BA-E8C3EE22CFD4}.Debug|x64.ActiveCfg = Debug|Any CPU
		{464BC0D2-B94E-4943-96BA-E8C3EE22CFD4}.Debug|x64.Build.0 = Debug|Any CPU
		{464BC0D2-B94E-4943-96BA-E8C3EE22CFD4}.Debug|x86.ActiveCfg = Debug|Any CPU
		{464BC0D2-B94E-4943-96BA-E8C3EE22CFD4}.Debug|x86.Build.0 = Debug|Any CPU
		{464BC0D2-B94E-4943-96BA-E8C3EE22CFD4}.Release|Any CPU.ActiveCfg = Release|Any CPU
		{464BC0D2-B94E-4943-96BA-E8C3EE22CFD4}.Release|Any CPU.Build.0 = Release|Any CPU
		{464BC0D2-B94E-4943-96BA-E8C3EE22CFD4}.Release|x64.ActiveCfg = Release|Any CPU
		{464BC0D2-B94E-4943-96BA-E8C3EE22CFD4}.Release|x64.Build.0 = Release|Any CPU
		{464BC0D2-B94E-4943-96BA-E8C3EE22CFD4}.Release|x86.ActiveCfg = Release|Any CPU
		{464BC0D2-B94E-4943-96BA-E8C3EE22CFD4}.Release|x86.Build.0 = Release|Any CPU
		{D3A78468-66AA-4BF1-B025-B1571D369822}.Debug|Any CPU.ActiveCfg = Debug|Win32
		{D3A78468-66AA-4BF1-B025-B1571D369822}.Debug|x64.ActiveCfg = Debug|x64
		{D3A78468-66AA-4BF1-B025-B1571D369822}.Debug|x64.Build.0 = Debug|x64
		{D3A78468-66AA-4BF1-B025-B1571D369822}.Debug|x86.ActiveCfg = Debug|Win32
		{D3A78468-66AA-4BF1-B025-B1571D369822}.Debug|x86.Build.0 = Debug|Win32
		{D3A78468-66AA-4BF1-B025-B1571D369822}.Release|Any CPU.ActiveCfg = Release|Win32
		{D3A78468-66AA-4BF1-B025-B1571D369822}.Release|x64.ActiveCfg = Release|x64
		{D3A78468-66AA-4BF1-B025-B1571D369822}.Release|x64.Build.0 = Release|x64
		{D3A78468-66AA-4BF1-B025-B1571D369822}.Release|x86.ActiveCfg = Release|Win32
		{D3A78468-66AA-4BF1-B025-B1571D369822}.Release|x86.Build.0 = Release|Win32
	EndGlobalSection
	GlobalSection(SolutionProperties) = preSolution
		HideSolutionNode = FALSE
	EndGlobalSection
	GlobalSection(ExtensibilityGlobals) = postSolution
		SolutionGuid = {C4891BBB-1A16-48B6-9E19-3AA1B3F654A9}
	EndGlobalSection
EndGlobal
