
Microsoft Visual Studio Solution File, Format Version 12.00
# Visual Studio Version 16
VisualStudioVersion = 16.0.30413.136
MinimumVisualStudioVersion = 10.0.40219.1
Project("{FAE04EC0-301F-11D3-BF4B-00C04F79EFBC}") = "SmashLabs", "SmashLabs\SmashLabs.csproj", "{35664F18-B90D-46EE-989C-1E0E1824B314}"
EndProject
Project("{FAE04EC0-301F-11D3-BF4B-00C04F79EFBC}") = "BrawlLabs", "BrawlLabs\BrawlLabs.csproj", "{40CDB46F-F3C3-479D-B062-F5C0A57697CE}"
EndProject
Project("{FAE04EC0-301F-11D3-BF4B-00C04F79EFBC}") = "SmashExporter", "SmashExporter\SmashExporter.csproj", "{BE4A3DB7-C5D9-41A8-BC30-2753A003BBF9}"
EndProject
Project("{FAE04EC0-301F-11D3-BF4B-00C04F79EFBC}") = "GenericRenderer", "GenericRenderer\GenericRenderer.csproj", "{FF820DDA-A813-4E13-92EC-C16F4B4926A9}"
EndProject
Project("{FAE04EC0-301F-11D3-BF4B-00C04F79EFBC}") = "SmashEngine", "SmashEngine\SmashEngine.csproj", "{599FF57D-36C4-42FC-832F-BE207E0B5342}"
EndProject
Global
	GlobalSection(SolutionConfigurationPlatforms) = preSolution
		Debug|Any CPU = Debug|Any CPU
		Release|Any CPU = Release|Any CPU
	EndGlobalSection
	GlobalSection(ProjectConfigurationPlatforms) = postSolution
		{35664F18-B90D-46EE-989C-1E0E1824B314}.Debug|Any CPU.ActiveCfg = Debug|Any CPU
		{35664F18-B90D-46EE-989C-1E0E1824B314}.Debug|Any CPU.Build.0 = Debug|Any CPU
		{35664F18-B90D-46EE-989C-1E0E1824B314}.Release|Any CPU.ActiveCfg = Release|Any CPU
		{35664F18-B90D-46EE-989C-1E0E1824B314}.Release|Any CPU.Build.0 = Release|Any CPU
		{40CDB46F-F3C3-479D-B062-F5C0A57697CE}.Debug|Any CPU.ActiveCfg = Debug|Any CPU
		{40CDB46F-F3C3-479D-B062-F5C0A57697CE}.Debug|Any CPU.Build.0 = Debug|Any CPU
		{40CDB46F-F3C3-479D-B062-F5C0A57697CE}.Release|Any CPU.ActiveCfg = Release|Any CPU
		{40CDB46F-F3C3-479D-B062-F5C0A57697CE}.Release|Any CPU.Build.0 = Release|Any CPU
		{BE4A3DB7-C5D9-41A8-BC30-2753A003BBF9}.Debug|Any CPU.ActiveCfg = Debug|Any CPU
		{BE4A3DB7-C5D9-41A8-BC30-2753A003BBF9}.Debug|Any CPU.Build.0 = Debug|Any CPU
		{BE4A3DB7-C5D9-41A8-BC30-2753A003BBF9}.Release|Any CPU.ActiveCfg = Release|Any CPU
		{BE4A3DB7-C5D9-41A8-BC30-2753A003BBF9}.Release|Any CPU.Build.0 = Release|Any CPU
		{FF820DDA-A813-4E13-92EC-C16F4B4926A9}.Debug|Any CPU.ActiveCfg = Debug|Any CPU
		{FF820DDA-A813-4E13-92EC-C16F4B4926A9}.Debug|Any CPU.Build.0 = Debug|Any CPU
		{FF820DDA-A813-4E13-92EC-C16F4B4926A9}.Release|Any CPU.ActiveCfg = Release|Any CPU
		{FF820DDA-A813-4E13-92EC-C16F4B4926A9}.Release|Any CPU.Build.0 = Release|Any CPU
		{599FF57D-36C4-42FC-832F-BE207E0B5342}.Debug|Any CPU.ActiveCfg = Debug|Any CPU
		{599FF57D-36C4-42FC-832F-BE207E0B5342}.Debug|Any CPU.Build.0 = Debug|Any CPU
		{599FF57D-36C4-42FC-832F-BE207E0B5342}.Release|Any CPU.ActiveCfg = Release|Any CPU
		{599FF57D-36C4-42FC-832F-BE207E0B5342}.Release|Any CPU.Build.0 = Release|Any CPU
	EndGlobalSection
	GlobalSection(SolutionProperties) = preSolution
		HideSolutionNode = FALSE
	EndGlobalSection
	GlobalSection(ExtensibilityGlobals) = postSolution
		SolutionGuid = {C4891BBB-1A16-48B6-9E19-3AA1B3F654A9}
	EndGlobalSection
EndGlobal
