
Microsoft Visual Studio Solution File, Format Version 12.00
# Visual Studio Version 16
VisualStudioVersion = 16.0.30413.136
MinimumVisualStudioVersion = 10.0.40219.1
Project("{FAE04EC0-301F-11D3-BF4B-00C04F79EFBC}") = "SmashLabs", "SmashLabs\SmashLabs.csproj", "{35664F18-B90D-46EE-989C-1E0E1824B314}"
EndProject
Project("{FAE04EC0-301F-11D3-BF4B-00C04F79EFBC}") = "CrossProject", "CrossProject\CrossProject.csproj", "{5AEF2465-C9B8-414B-922E-A9B518B49B2D}"
EndProject
Global
	GlobalSection(SolutionConfigurationPlatforms) = preSolution
		Debug|Any CPU = Debug|Any CPU
		Release|Any CPU = Release|Any CPU
	EndGlobalSection
	GlobalSection(ProjectConfigurationPlatforms) = postSolution
		{35664F18-B90D-46EE-989C-1E0E1824B314}.Debug|Any CPU.ActiveCfg = Debug|Any CPU
		{35664F18-B90D-46EE-989C-1E0E1824B314}.Debug|Any CPU.Build.0 = Debug|Any CPU
		{35664F18-B90D-46EE-989C-1E0E1824B314}.Release|Any CPU.ActiveCfg = Release|Any CPU
		{35664F18-B90D-46EE-989C-1E0E1824B314}.Release|Any CPU.Build.0 = Release|Any CPU
		{5AEF2465-C9B8-414B-922E-A9B518B49B2D}.Debug|Any CPU.ActiveCfg = Debug|Any CPU
		{5AEF2465-C9B8-414B-922E-A9B518B49B2D}.Debug|Any CPU.Build.0 = Debug|Any CPU
		{5AEF2465-C9B8-414B-922E-A9B518B49B2D}.Release|Any CPU.ActiveCfg = Release|Any CPU
		{5AEF2465-C9B8-414B-922E-A9B518B49B2D}.Release|Any CPU.Build.0 = Release|Any CPU
	EndGlobalSection
	GlobalSection(SolutionProperties) = preSolution
		HideSolutionNode = FALSE
	EndGlobalSection
	GlobalSection(ExtensibilityGlobals) = postSolution
		SolutionGuid = {C4891BBB-1A16-48B6-9E19-3AA1B3F654A9}
	EndGlobalSection
EndGlobal
